
Microsoft Visual Studio Solution File, Format Version 12.00
# Visual Studio Version 17
VisualStudioVersion = 17.7.34202.233
MinimumVisualStudioVersion = 10.0.40219.1
Project("{FAE04EC0-301F-11D3-BF4B-00C04F79EFBC}") = "SAGDemo", "SAGDemo\SAGDemo.csproj", "{331EEA02-1C9D-4285-A86E-CB86A7CC7500}"
EndProject
Global
	GlobalSection(SolutionConfigurationPlatforms) = preSolution
		Debug|Any CPU = Debug|Any CPU
		Release|Any CPU = Release|Any CPU
	EndGlobalSection
	GlobalSection(ProjectConfigurationPlatforms) = postSolution
		{331EEA02-1C9D-4285-A86E-CB86A7CC7500}.Debug|Any CPU.ActiveCfg = Debug|Any CPU
		{331EEA02-1C9D-4285-A86E-CB86A7CC7500}.Debug|Any CPU.Build.0 = Debug|Any CPU
		{331EEA02-1C9D-4285-A86E-CB86A7CC7500}.Release|Any CPU.ActiveCfg = Release|Any CPU
		{331EEA02-1C9D-4285-A86E-CB86A7CC7500}.Release|Any CPU.Build.0 = Release|Any CPU
	EndGlobalSection
	GlobalSection(SolutionProperties) = preSolution
		HideSolutionNode = FALSE
	EndGlobalSection
	GlobalSection(ExtensibilityGlobals) = postSolution
		SolutionGuid = {0BEA2351-1927-4DF2-9CA7-9A772472FEDC}
	EndGlobalSection
EndGlobal
